
Microsoft Visual Studio Solution File, Format Version 11.00
# Visual Studio 2010
Project("{FAE04EC0-301F-11D3-BF4B-00C04F79EFBC}") = "testweb", "testweb\testweb.csproj", "{A9A2536D-F373-43CC-951B-745CFDEFF25C}"
EndProject
Project("{FAE04EC0-301F-11D3-BF4B-00C04F79EFBC}") = "test1", "testweb\Plugins\test1\test1.csproj", "{52146F5F-46A5-4B18-964C-BF9A0289D189}"
EndProject
Project("{FAE04EC0-301F-11D3-BF4B-00C04F79EFBC}") = "BLL", "BLL\BLL.csproj", "{FF8188F0-E96C-495A-9D47-F9926DC72B63}"
EndProject
Project("{FAE04EC0-301F-11D3-BF4B-00C04F79EFBC}") = "Dal", "Dal\Dal.csproj", "{912738D8-86F7-4DE7-8FE5-DECAF274E354}"
EndProject
Project("{2150E333-8FDC-42A3-9474-1A3956D46DE8}") = "core", "core", "{3E027D5F-6E33-4E99-AD72-6C48B90600D1}"
EndProject
Project("{FAE04EC0-301F-11D3-BF4B-00C04F79EFBC}") = "IBll", "IBll\IBll.csproj", "{3898E1C1-6D59-499B-9E7A-DF298637221B}"
EndProject
Project("{2150E333-8FDC-42A3-9474-1A3956D46DE8}") = "MVC", "MVC", "{E554F14A-AC9C-47A4-A25E-230AE8298179}"
EndProject
Project("{FAE04EC0-301F-11D3-BF4B-00C04F79EFBC}") = "testconsol", "testconsol\testconsol.csproj", "{E3AFB002-1D60-4F18-9393-4A029E0CC694}"
EndProject
Project("{2150E333-8FDC-42A3-9474-1A3956D46DE8}") = "testmvc", "testmvc", "{72C90BF1-98DB-4E33-B782-AEE03103239B}"
EndProject
Project("{FAE04EC0-301F-11D3-BF4B-00C04F79EFBC}") = "TestIBll", "TestIBll\TestIBll.csproj", "{E46C376A-A706-40B2-821F-AA70C2E84E3F}"
EndProject
Project("{FAE04EC0-301F-11D3-BF4B-00C04F79EFBC}") = "TestDal", "TestDal\TestDal.csproj", "{501E221B-A32A-4A93-AE17-773008F84407}"
EndProject
Project("{FAE04EC0-301F-11D3-BF4B-00C04F79EFBC}") = "TestBll", "TestBll\TestBll.csproj", "{2CAA5944-27D4-431C-A525-D822127CE9F9}"
EndProject
Project("{FAE04EC0-301F-11D3-BF4B-00C04F79EFBC}") = "PluginFramework", "PluginFramework\PluginFramework.csproj", "{C1C0F531-3CDB-4C44-A29C-8F6A14E21CF8}"
EndProject
Project("{FAE04EC0-301F-11D3-BF4B-00C04F79EFBC}") = "Log2Net", "testweb\Plugins\Log2Net\Log2Net.csproj", "{A772831F-957F-4E5E-AF18-C750CC113A7C}"
EndProject
Project("{2150E333-8FDC-42A3-9474-1A3956D46DE8}") = "Log", "Log", "{0E1B9AFC-EF56-4A42-92C3-19B590C8AC06}"
EndProject
Project("{FAE04EC0-301F-11D3-BF4B-00C04F79EFBC}") = "Log2Service", "Log2Service\Log2Service.csproj", "{CC4CD470-DC60-47BA-B731-0B8100160EC3}"
EndProject
Global
	GlobalSection(SolutionConfigurationPlatforms) = preSolution
		Debug|Any CPU = Debug|Any CPU
		Debug|Mixed Platforms = Debug|Mixed Platforms
		Debug|x86 = Debug|x86
		Release|Any CPU = Release|Any CPU
		Release|Mixed Platforms = Release|Mixed Platforms
		Release|x86 = Release|x86
	EndGlobalSection
	GlobalSection(ProjectConfigurationPlatforms) = postSolution
		{A9A2536D-F373-43CC-951B-745CFDEFF25C}.Debug|Any CPU.ActiveCfg = Debug|Any CPU
		{A9A2536D-F373-43CC-951B-745CFDEFF25C}.Debug|Any CPU.Build.0 = Debug|Any CPU
		{A9A2536D-F373-43CC-951B-745CFDEFF25C}.Debug|Mixed Platforms.ActiveCfg = Debug|Any CPU
		{A9A2536D-F373-43CC-951B-745CFDEFF25C}.Debug|Mixed Platforms.Build.0 = Debug|Any CPU
		{A9A2536D-F373-43CC-951B-745CFDEFF25C}.Debug|x86.ActiveCfg = Debug|Any CPU
		{A9A2536D-F373-43CC-951B-745CFDEFF25C}.Release|Any CPU.ActiveCfg = Release|Any CPU
		{A9A2536D-F373-43CC-951B-745CFDEFF25C}.Release|Any CPU.Build.0 = Release|Any CPU
		{A9A2536D-F373-43CC-951B-745CFDEFF25C}.Release|Mixed Platforms.ActiveCfg = Release|Any CPU
		{A9A2536D-F373-43CC-951B-745CFDEFF25C}.Release|Mixed Platforms.Build.0 = Release|Any CPU
		{A9A2536D-F373-43CC-951B-745CFDEFF25C}.Release|x86.ActiveCfg = Release|Any CPU
		{52146F5F-46A5-4B18-964C-BF9A0289D189}.Debug|Any CPU.ActiveCfg = Debug|Any CPU
		{52146F5F-46A5-4B18-964C-BF9A0289D189}.Debug|Any CPU.Build.0 = Debug|Any CPU
		{52146F5F-46A5-4B18-964C-BF9A0289D189}.Debug|Mixed Platforms.ActiveCfg = Debug|Any CPU
		{52146F5F-46A5-4B18-964C-BF9A0289D189}.Debug|Mixed Platforms.Build.0 = Debug|Any CPU
		{52146F5F-46A5-4B18-964C-BF9A0289D189}.Debug|x86.ActiveCfg = Debug|Any CPU
		{52146F5F-46A5-4B18-964C-BF9A0289D189}.Release|Any CPU.ActiveCfg = Release|Any CPU
		{52146F5F-46A5-4B18-964C-BF9A0289D189}.Release|Any CPU.Build.0 = Release|Any CPU
		{52146F5F-46A5-4B18-964C-BF9A0289D189}.Release|Mixed Platforms.ActiveCfg = Release|Any CPU
		{52146F5F-46A5-4B18-964C-BF9A0289D189}.Release|Mixed Platforms.Build.0 = Release|Any CPU
		{52146F5F-46A5-4B18-964C-BF9A0289D189}.Release|x86.ActiveCfg = Release|Any CPU
		{FF8188F0-E96C-495A-9D47-F9926DC72B63}.Debug|Any CPU.ActiveCfg = Debug|Any CPU
		{FF8188F0-E96C-495A-9D47-F9926DC72B63}.Debug|Any CPU.Build.0 = Debug|Any CPU
		{FF8188F0-E96C-495A-9D47-F9926DC72B63}.Debug|Mixed Platforms.ActiveCfg = Debug|Any CPU
		{FF8188F0-E96C-495A-9D47-F9926DC72B63}.Debug|Mixed Platforms.Build.0 = Debug|Any CPU
		{FF8188F0-E96C-495A-9D47-F9926DC72B63}.Debug|x86.ActiveCfg = Debug|Any CPU
		{FF8188F0-E96C-495A-9D47-F9926DC72B63}.Release|Any CPU.ActiveCfg = Release|Any CPU
		{FF8188F0-E96C-495A-9D47-F9926DC72B63}.Release|Any CPU.Build.0 = Release|Any CPU
		{FF8188F0-E96C-495A-9D47-F9926DC72B63}.Release|Mixed Platforms.ActiveCfg = Release|Any CPU
		{FF8188F0-E96C-495A-9D47-F9926DC72B63}.Release|Mixed Platforms.Build.0 = Release|Any CPU
		{FF8188F0-E96C-495A-9D47-F9926DC72B63}.Release|x86.ActiveCfg = Release|Any CPU
		{912738D8-86F7-4DE7-8FE5-DECAF274E354}.Debug|Any CPU.ActiveCfg = Debug|Any CPU
		{912738D8-86F7-4DE7-8FE5-DECAF274E354}.Debug|Any CPU.Build.0 = Debug|Any CPU
		{912738D8-86F7-4DE7-8FE5-DECAF274E354}.Debug|Mixed Platforms.ActiveCfg = Debug|Any CPU
		{912738D8-86F7-4DE7-8FE5-DECAF274E354}.Debug|Mixed Platforms.Build.0 = Debug|Any CPU
		{912738D8-86F7-4DE7-8FE5-DECAF274E354}.Debug|x86.ActiveCfg = Debug|Any CPU
		{912738D8-86F7-4DE7-8FE5-DECAF274E354}.Release|Any CPU.ActiveCfg = Release|Any CPU
		{912738D8-86F7-4DE7-8FE5-DECAF274E354}.Release|Any CPU.Build.0 = Release|Any CPU
		{912738D8-86F7-4DE7-8FE5-DECAF274E354}.Release|Mixed Platforms.ActiveCfg = Release|Any CPU
		{912738D8-86F7-4DE7-8FE5-DECAF274E354}.Release|Mixed Platforms.Build.0 = Release|Any CPU
		{912738D8-86F7-4DE7-8FE5-DECAF274E354}.Release|x86.ActiveCfg = Release|Any CPU
		{3898E1C1-6D59-499B-9E7A-DF298637221B}.Debug|Any CPU.ActiveCfg = Debug|Any CPU
		{3898E1C1-6D59-499B-9E7A-DF298637221B}.Debug|Any CPU.Build.0 = Debug|Any CPU
		{3898E1C1-6D59-499B-9E7A-DF298637221B}.Debug|Mixed Platforms.ActiveCfg = Debug|Any CPU
		{3898E1C1-6D59-499B-9E7A-DF298637221B}.Debug|Mixed Platforms.Build.0 = Debug|Any CPU
		{3898E1C1-6D59-499B-9E7A-DF298637221B}.Debug|x86.ActiveCfg = Debug|Any CPU
		{3898E1C1-6D59-499B-9E7A-DF298637221B}.Release|Any CPU.ActiveCfg = Release|Any CPU
		{3898E1C1-6D59-499B-9E7A-DF298637221B}.Release|Any CPU.Build.0 = Release|Any CPU
		{3898E1C1-6D59-499B-9E7A-DF298637221B}.Release|Mixed Platforms.ActiveCfg = Release|Any CPU
		{3898E1C1-6D59-499B-9E7A-DF298637221B}.Release|Mixed Platforms.Build.0 = Release|Any CPU
		{3898E1C1-6D59-499B-9E7A-DF298637221B}.Release|x86.ActiveCfg = Release|Any CPU
		{E3AFB002-1D60-4F18-9393-4A029E0CC694}.Debug|Any CPU.ActiveCfg = Debug|x86
		{E3AFB002-1D60-4F18-9393-4A029E0CC694}.Debug|Mixed Platforms.ActiveCfg = Debug|x86
		{E3AFB002-1D60-4F18-9393-4A029E0CC694}.Debug|Mixed Platforms.Build.0 = Debug|x86
		{E3AFB002-1D60-4F18-9393-4A029E0CC694}.Debug|x86.ActiveCfg = Debug|x86
		{E3AFB002-1D60-4F18-9393-4A029E0CC694}.Debug|x86.Build.0 = Debug|x86
		{E3AFB002-1D60-4F18-9393-4A029E0CC694}.Release|Any CPU.ActiveCfg = Release|x86
		{E3AFB002-1D60-4F18-9393-4A029E0CC694}.Release|Mixed Platforms.ActiveCfg = Release|x86
		{E3AFB002-1D60-4F18-9393-4A029E0CC694}.Release|Mixed Platforms.Build.0 = Release|x86
		{E3AFB002-1D60-4F18-9393-4A029E0CC694}.Release|x86.ActiveCfg = Release|x86
		{E3AFB002-1D60-4F18-9393-4A029E0CC694}.Release|x86.Build.0 = Release|x86
		{E46C376A-A706-40B2-821F-AA70C2E84E3F}.Debug|Any CPU.ActiveCfg = Debug|Any CPU
		{E46C376A-A706-40B2-821F-AA70C2E84E3F}.Debug|Any CPU.Build.0 = Debug|Any CPU
		{E46C376A-A706-40B2-821F-AA70C2E84E3F}.Debug|Mixed Platforms.ActiveCfg = Debug|Any CPU
		{E46C376A-A706-40B2-821F-AA70C2E84E3F}.Debug|Mixed Platforms.Build.0 = Debug|Any CPU
		{E46C376A-A706-40B2-821F-AA70C2E84E3F}.Debug|x86.ActiveCfg = Debug|Any CPU
		{E46C376A-A706-40B2-821F-AA70C2E84E3F}.Release|Any CPU.ActiveCfg = Release|Any CPU
		{E46C376A-A706-40B2-821F-AA70C2E84E3F}.Release|Any CPU.Build.0 = Release|Any CPU
		{E46C376A-A706-40B2-821F-AA70C2E84E3F}.Release|Mixed Platforms.ActiveCfg = Release|Any CPU
		{E46C376A-A706-40B2-821F-AA70C2E84E3F}.Release|Mixed Platforms.Build.0 = Release|Any CPU
		{E46C376A-A706-40B2-821F-AA70C2E84E3F}.Release|x86.ActiveCfg = Release|Any CPU
		{501E221B-A32A-4A93-AE17-773008F84407}.Debug|Any CPU.ActiveCfg = Debug|Any CPU
		{501E221B-A32A-4A93-AE17-773008F84407}.Debug|Any CPU.Build.0 = Debug|Any CPU
		{501E221B-A32A-4A93-AE17-773008F84407}.Debug|Mixed Platforms.ActiveCfg = Debug|Any CPU
		{501E221B-A32A-4A93-AE17-773008F84407}.Debug|Mixed Platforms.Build.0 = Debug|Any CPU
		{501E221B-A32A-4A93-AE17-773008F84407}.Debug|x86.ActiveCfg = Debug|Any CPU
		{501E221B-A32A-4A93-AE17-773008F84407}.Release|Any CPU.ActiveCfg = Release|Any CPU
		{501E221B-A32A-4A93-AE17-773008F84407}.Release|Any CPU.Build.0 = Release|Any CPU
		{501E221B-A32A-4A93-AE17-773008F84407}.Release|Mixed Platforms.ActiveCfg = Release|Any CPU
		{501E221B-A32A-4A93-AE17-773008F84407}.Release|Mixed Platforms.Build.0 = Release|Any CPU
		{501E221B-A32A-4A93-AE17-773008F84407}.Release|x86.ActiveCfg = Release|Any CPU
		{2CAA5944-27D4-431C-A525-D822127CE9F9}.Debug|Any CPU.ActiveCfg = Debug|Any CPU
		{2CAA5944-27D4-431C-A525-D822127CE9F9}.Debug|Any CPU.Build.0 = Debug|Any CPU
		{2CAA5944-27D4-431C-A525-D822127CE9F9}.Debug|Mixed Platforms.ActiveCfg = Debug|Any CPU
		{2CAA5944-27D4-431C-A525-D822127CE9F9}.Debug|Mixed Platforms.Build.0 = Debug|Any CPU
		{2CAA5944-27D4-431C-A525-D822127CE9F9}.Debug|x86.ActiveCfg = Debug|Any CPU
		{2CAA5944-27D4-431C-A525-D822127CE9F9}.Release|Any CPU.ActiveCfg = Release|Any CPU
		{2CAA5944-27D4-431C-A525-D822127CE9F9}.Release|Any CPU.Build.0 = Release|Any CPU
		{2CAA5944-27D4-431C-A525-D822127CE9F9}.Release|Mixed Platforms.ActiveCfg = Release|Any CPU
		{2CAA5944-27D4-431C-A525-D822127CE9F9}.Release|Mixed Platforms.Build.0 = Release|Any CPU
		{2CAA5944-27D4-431C-A525-D822127CE9F9}.Release|x86.ActiveCfg = Release|Any CPU
		{C1C0F531-3CDB-4C44-A29C-8F6A14E21CF8}.Debug|Any CPU.ActiveCfg = Debug|Any CPU
		{C1C0F531-3CDB-4C44-A29C-8F6A14E21CF8}.Debug|Any CPU.Build.0 = Debug|Any CPU
		{C1C0F531-3CDB-4C44-A29C-8F6A14E21CF8}.Debug|Mixed Platforms.ActiveCfg = Debug|Any CPU
		{C1C0F531-3CDB-4C44-A29C-8F6A14E21CF8}.Debug|Mixed Platforms.Build.0 = Debug|Any CPU
		{C1C0F531-3CDB-4C44-A29C-8F6A14E21CF8}.Debug|x86.ActiveCfg = Debug|Any CPU
		{C1C0F531-3CDB-4C44-A29C-8F6A14E21CF8}.Release|Any CPU.ActiveCfg = Release|Any CPU
		{C1C0F531-3CDB-4C44-A29C-8F6A14E21CF8}.Release|Any CPU.Build.0 = Release|Any CPU
		{C1C0F531-3CDB-4C44-A29C-8F6A14E21CF8}.Release|Mixed Platforms.ActiveCfg = Release|Any CPU
		{C1C0F531-3CDB-4C44-A29C-8F6A14E21CF8}.Release|Mixed Platforms.Build.0 = Release|Any CPU
		{C1C0F531-3CDB-4C44-A29C-8F6A14E21CF8}.Release|x86.ActiveCfg = Release|Any CPU
		{A772831F-957F-4E5E-AF18-C750CC113A7C}.Debug|Any CPU.ActiveCfg = Debug|Any CPU
		{A772831F-957F-4E5E-AF18-C750CC113A7C}.Debug|Any CPU.Build.0 = Debug|Any CPU
		{A772831F-957F-4E5E-AF18-C750CC113A7C}.Debug|Mixed Platforms.ActiveCfg = Debug|Any CPU
		{A772831F-957F-4E5E-AF18-C750CC113A7C}.Debug|Mixed Platforms.Build.0 = Debug|Any CPU
		{A772831F-957F-4E5E-AF18-C750CC113A7C}.Debug|x86.ActiveCfg = Debug|Any CPU
		{A772831F-957F-4E5E-AF18-C750CC113A7C}.Release|Any CPU.ActiveCfg = Release|Any CPU
		{A772831F-957F-4E5E-AF18-C750CC113A7C}.Release|Any CPU.Build.0 = Release|Any CPU
		{A772831F-957F-4E5E-AF18-C750CC113A7C}.Release|Mixed Platforms.ActiveCfg = Release|Any CPU
		{A772831F-957F-4E5E-AF18-C750CC113A7C}.Release|Mixed Platforms.Build.0 = Release|Any CPU
		{A772831F-957F-4E5E-AF18-C750CC113A7C}.Release|x86.ActiveCfg = Release|Any CPU
		{CC4CD470-DC60-47BA-B731-0B8100160EC3}.Debug|Any CPU.ActiveCfg = Debug|Any CPU
		{CC4CD470-DC60-47BA-B731-0B8100160EC3}.Debug|Any CPU.Build.0 = Debug|Any CPU
		{CC4CD470-DC60-47BA-B731-0B8100160EC3}.Debug|Mixed Platforms.ActiveCfg = Debug|Any CPU
		{CC4CD470-DC60-47BA-B731-0B8100160EC3}.Debug|Mixed Platforms.Build.0 = Debug|Any CPU
		{CC4CD470-DC60-47BA-B731-0B8100160EC3}.Debug|x86.ActiveCfg = Debug|Any CPU
		{CC4CD470-DC60-47BA-B731-0B8100160EC3}.Release|Any CPU.ActiveCfg = Release|Any CPU
		{CC4CD470-DC60-47BA-B731-0B8100160EC3}.Release|Any CPU.Build.0 = Release|Any CPU
		{CC4CD470-DC60-47BA-B731-0B8100160EC3}.Release|Mixed Platforms.ActiveCfg = Release|Any CPU
		{CC4CD470-DC60-47BA-B731-0B8100160EC3}.Release|Mixed Platforms.Build.0 = Release|Any CPU
		{CC4CD470-DC60-47BA-B731-0B8100160EC3}.Release|x86.ActiveCfg = Release|Any CPU
	EndGlobalSection
	GlobalSection(SolutionProperties) = preSolution
		HideSolutionNode = FALSE
	EndGlobalSection
	GlobalSection(NestedProjects) = preSolution
		{912738D8-86F7-4DE7-8FE5-DECAF274E354} = {E554F14A-AC9C-47A4-A25E-230AE8298179}
		{3898E1C1-6D59-499B-9E7A-DF298637221B} = {E554F14A-AC9C-47A4-A25E-230AE8298179}
		{FF8188F0-E96C-495A-9D47-F9926DC72B63} = {E554F14A-AC9C-47A4-A25E-230AE8298179}
		{C1C0F531-3CDB-4C44-A29C-8F6A14E21CF8} = {3E027D5F-6E33-4E99-AD72-6C48B90600D1}
		{E46C376A-A706-40B2-821F-AA70C2E84E3F} = {72C90BF1-98DB-4E33-B782-AEE03103239B}
		{501E221B-A32A-4A93-AE17-773008F84407} = {72C90BF1-98DB-4E33-B782-AEE03103239B}
		{2CAA5944-27D4-431C-A525-D822127CE9F9} = {72C90BF1-98DB-4E33-B782-AEE03103239B}
		{A772831F-957F-4E5E-AF18-C750CC113A7C} = {0E1B9AFC-EF56-4A42-92C3-19B590C8AC06}
		{CC4CD470-DC60-47BA-B731-0B8100160EC3} = {0E1B9AFC-EF56-4A42-92C3-19B590C8AC06}
	EndGlobalSection
EndGlobal
